// !$*UTF8*$!
{
	archiveVersion = 1;
	classes = {
	};
	objectVersion = 56;
	objects = {

/* Begin PBXBuildFile section */
		25E642202B9B05A3008F74C1 /* CustomLabelStyle.swift in Sources */ = {isa = PBXBuildFile; fileRef = 25E642142B9B05A2008F74C1 /* CustomLabelStyle.swift */; };
		25E642212B9B05A3008F74C1 /* EventRow.swift in Sources */ = {isa = PBXBuildFile; fileRef = 25E642152B9B05A2008F74C1 /* EventRow.swift */; };
		25E642222B9B05A3008F74C1 /* EventData.swift in Sources */ = {isa = PBXBuildFile; fileRef = 25E642162B9B05A2008F74C1 /* EventData.swift */; };
		25E642232B9B05A3008F74C1 /* SymbolPicker.swift in Sources */ = {isa = PBXBuildFile; fileRef = 25E642172B9B05A2008F74C1 /* SymbolPicker.swift */; };
		25E642242B9B05A3008F74C1 /* Event.swift in Sources */ = {isa = PBXBuildFile; fileRef = 25E642182B9B05A2008F74C1 /* Event.swift */; };
		25E642252B9B05A3008F74C1 /* TaskRow.swift in Sources */ = {isa = PBXBuildFile; fileRef = 25E642192B9B05A2008F74C1 /* TaskRow.swift */; };
		25E642262B9B05A3008F74C1 /* EventList.swift in Sources */ = {isa = PBXBuildFile; fileRef = 25E6421A2B9B05A2008F74C1 /* EventList.swift */; };
		25E642272B9B05A3008F74C1 /* EventSymbols.swift in Sources */ = {isa = PBXBuildFile; fileRef = 25E6421B2B9B05A2008F74C1 /* EventSymbols.swift */; };
		25E642282B9B05A3008F74C1 /* EventEditor.swift in Sources */ = {isa = PBXBuildFile; fileRef = 25E6421C2B9B05A2008F74C1 /* EventEditor.swift */; };
		25E642292B9B05A3008F74C1 /* ColorOption.swift in Sources */ = {isa = PBXBuildFile; fileRef = 25E6421D2B9B05A2008F74C1 /* ColorOption.swift */; };
		25E6422A2B9B05A3008F74C1 /* EventTask.swift in Sources */ = {isa = PBXBuildFile; fileRef = 25E6421E2B9B05A2008F74C1 /* EventTask.swift */; };
		25FFDD9F2B9AEB590090928C /* LifeEventsApp.swift in Sources */ = {isa = PBXBuildFile; fileRef = 25FFDD9E2B9AEB590090928C /* LifeEventsApp.swift */; };
		25FFDDA32B9AEB590090928C /* Item.swift in Sources */ = {isa = PBXBuildFile; fileRef = 25FFDDA22B9AEB590090928C /* Item.swift */; };
		25FFDDA52B9AEB5B0090928C /* Assets.xcassets in Resources */ = {isa = PBXBuildFile; fileRef = 25FFDDA42B9AEB5B0090928C /* Assets.xcassets */; };
		25FFDDA82B9AEB5B0090928C /* Preview Assets.xcassets in Resources */ = {isa = PBXBuildFile; fileRef = 25FFDDA72B9AEB5B0090928C /* Preview Assets.xcassets */; };
		807427BE2B9C72D60047ED65 /* MeaningofLife.swift in Sources */ = {isa = PBXBuildFile; fileRef = 807427BD2B9C72D60047ED65 /* MeaningofLife.swift */; };
/* End PBXBuildFile section */

/* Begin PBXFileReference section */
		25E642142B9B05A2008F74C1 /* CustomLabelStyle.swift */ = {isa = PBXFileReference; fileEncoding = 4; lastKnownFileType = sourcecode.swift; path = CustomLabelStyle.swift; sourceTree = "<group>"; };
		25E642152B9B05A2008F74C1 /* EventRow.swift */ = {isa = PBXFileReference; fileEncoding = 4; lastKnownFileType = sourcecode.swift; path = EventRow.swift; sourceTree = "<group>"; };
		25E642162B9B05A2008F74C1 /* EventData.swift */ = {isa = PBXFileReference; fileEncoding = 4; lastKnownFileType = sourcecode.swift; path = EventData.swift; sourceTree = "<group>"; };
		25E642172B9B05A2008F74C1 /* SymbolPicker.swift */ = {isa = PBXFileReference; fileEncoding = 4; lastKnownFileType = sourcecode.swift; path = SymbolPicker.swift; sourceTree = "<group>"; };
		25E642182B9B05A2008F74C1 /* Event.swift */ = {isa = PBXFileReference; fileEncoding = 4; lastKnownFileType = sourcecode.swift; path = Event.swift; sourceTree = "<group>"; };
		25E642192B9B05A2008F74C1 /* TaskRow.swift */ = {isa = PBXFileReference; fileEncoding = 4; lastKnownFileType = sourcecode.swift; path = TaskRow.swift; sourceTree = "<group>"; };
		25E6421A2B9B05A2008F74C1 /* EventList.swift */ = {isa = PBXFileReference; fileEncoding = 4; lastKnownFileType = sourcecode.swift; path = EventList.swift; sourceTree = "<group>"; };
		25E6421B2B9B05A2008F74C1 /* EventSymbols.swift */ = {isa = PBXFileReference; fileEncoding = 4; lastKnownFileType = sourcecode.swift; path = EventSymbols.swift; sourceTree = "<group>"; };
		25E6421C2B9B05A2008F74C1 /* EventEditor.swift */ = {isa = PBXFileReference; fileEncoding = 4; lastKnownFileType = sourcecode.swift; path = EventEditor.swift; sourceTree = "<group>"; };
		25E6421D2B9B05A2008F74C1 /* ColorOption.swift */ = {isa = PBXFileReference; fileEncoding = 4; lastKnownFileType = sourcecode.swift; path = ColorOption.swift; sourceTree = "<group>"; };
		25E6421E2B9B05A2008F74C1 /* EventTask.swift */ = {isa = PBXFileReference; fileEncoding = 4; lastKnownFileType = sourcecode.swift; path = EventTask.swift; sourceTree = "<group>"; };
		25FFDD9B2B9AEB590090928C /* LifeEvents.app */ = {isa = PBXFileReference; explicitFileType = wrapper.application; includeInIndex = 0; path = LifeEvents.app; sourceTree = BUILT_PRODUCTS_DIR; };
		25FFDD9E2B9AEB590090928C /* LifeEventsApp.swift */ = {isa = PBXFileReference; lastKnownFileType = sourcecode.swift; path = LifeEventsApp.swift; sourceTree = "<group>"; };
		25FFDDA22B9AEB590090928C /* Item.swift */ = {isa = PBXFileReference; lastKnownFileType = sourcecode.swift; path = Item.swift; sourceTree = "<group>"; };
		25FFDDA42B9AEB5B0090928C /* Assets.xcassets */ = {isa = PBXFileReference; lastKnownFileType = folder.assetcatalog; path = Assets.xcassets; sourceTree = "<group>"; };
		25FFDDA72B9AEB5B0090928C /* Preview Assets.xcassets */ = {isa = PBXFileReference; lastKnownFileType = folder.assetcatalog; path = "Preview Assets.xcassets"; sourceTree = "<group>"; };
		25FFDDA92B9AEB5B0090928C /* LifeEvents.entitlements */ = {isa = PBXFileReference; lastKnownFileType = text.plist.entitlements; path = LifeEvents.entitlements; sourceTree = "<group>"; };
		25FFDDAA2B9AEB5B0090928C /* Info.plist */ = {isa = PBXFileReference; lastKnownFileType = text.plist.xml; path = Info.plist; sourceTree = "<group>"; };
		807427BD2B9C72D60047ED65 /* MeaningofLife.swift */ = {isa = PBXFileReference; lastKnownFileType = sourcecode.swift; path = MeaningofLife.swift; sourceTree = "<group>"; };
/* End PBXFileReference section */

/* Begin PBXFrameworksBuildPhase section */
		25FFDD982B9AEB590090928C /* Frameworks */ = {
			isa = PBXFrameworksBuildPhase;
			buildActionMask = 2147483647;
			files = (
			);
			runOnlyForDeploymentPostprocessing = 0;
		};
/* End PBXFrameworksBuildPhase section */

/* Begin PBXGroup section */
		25E642132B9B05A2008F74C1 /* Code */ = {
			isa = PBXGroup;
			children = (
				25E642142B9B05A2008F74C1 /* CustomLabelStyle.swift */,
				25E642152B9B05A2008F74C1 /* EventRow.swift */,
				25E642162B9B05A2008F74C1 /* EventData.swift */,
				25E642172B9B05A2008F74C1 /* SymbolPicker.swift */,
				25E642182B9B05A2008F74C1 /* Event.swift */,
				25E642192B9B05A2008F74C1 /* TaskRow.swift */,
				25E6421A2B9B05A2008F74C1 /* EventList.swift */,
				25E6421B2B9B05A2008F74C1 /* EventSymbols.swift */,
				25E6421C2B9B05A2008F74C1 /* EventEditor.swift */,
				807427BD2B9C72D60047ED65 /* MeaningofLife.swift */,
				25E6421D2B9B05A2008F74C1 /* ColorOption.swift */,
				25E6421E2B9B05A2008F74C1 /* EventTask.swift */,
			);
			path = Code;
			sourceTree = "<group>";
		};
		25FFDD922B9AEB590090928C = {
			isa = PBXGroup;
			children = (
				25FFDD9D2B9AEB590090928C /* LifeEvents */,
				25FFDD9C2B9AEB590090928C /* Products */,
			);
			sourceTree = "<group>";
		};
		25FFDD9C2B9AEB590090928C /* Products */ = {
			isa = PBXGroup;
			children = (
				25FFDD9B2B9AEB590090928C /* LifeEvents.app */,
			);
			name = Products;
			sourceTree = "<group>";
		};
		25FFDD9D2B9AEB590090928C /* LifeEvents */ = {
			isa = PBXGroup;
			children = (
				25FFDD9E2B9AEB590090928C /* LifeEventsApp.swift */,
				25FFDDA22B9AEB590090928C /* Item.swift */,
				25E642132B9B05A2008F74C1 /* Code */,
				25FFDDA42B9AEB5B0090928C /* Assets.xcassets */,
				25FFDDA92B9AEB5B0090928C /* LifeEvents.entitlements */,
				25FFDDAA2B9AEB5B0090928C /* Info.plist */,
				25FFDDA62B9AEB5B0090928C /* Preview Content */,
			);
			path = LifeEvents;
			sourceTree = "<group>";
		};
		25FFDDA62B9AEB5B0090928C /* Preview Content */ = {
			isa = PBXGroup;
			children = (
				25FFDDA72B9AEB5B0090928C /* Preview Assets.xcassets */,
			);
			path = "Preview Content";
			sourceTree = "<group>";
		};
/* End PBXGroup section */

/* Begin PBXNativeTarget section */
		25FFDD9A2B9AEB590090928C /* LifeEvents */ = {
			isa = PBXNativeTarget;
			buildConfigurationList = 25FFDDAD2B9AEB5B0090928C /* Build configuration list for PBXNativeTarget "LifeEvents" */;
			buildPhases = (
				25FFDD972B9AEB590090928C /* Sources */,
				25FFDD982B9AEB590090928C /* Frameworks */,
				25FFDD992B9AEB590090928C /* Resources */,
			);
			buildRules = (
			);
			dependencies = (
			);
			name = LifeEvents;
			productName = LifeEvents;
			productReference = 25FFDD9B2B9AEB590090928C /* LifeEvents.app */;
			productType = "com.apple.product-type.application";
		};
/* End PBXNativeTarget section */

/* Begin PBXProject section */
		25FFDD932B9AEB590090928C /* Project object */ = {
			isa = PBXProject;
			attributes = {
				BuildIndependentTargetsInParallel = 1;
				LastSwiftUpdateCheck = 1520;
				LastUpgradeCheck = 1520;
				TargetAttributes = {
					25FFDD9A2B9AEB590090928C = {
						CreatedOnToolsVersion = 15.2;
					};
				};
			};
			buildConfigurationList = 25FFDD962B9AEB590090928C /* Build configuration list for PBXProject "LifeEvents" */;
			compatibilityVersion = "Xcode 14.0";
			developmentRegion = en;
			hasScannedForEncodings = 0;
			knownRegions = (
				en,
				Base,
			);
			mainGroup = 25FFDD922B9AEB590090928C;
			productRefGroup = 25FFDD9C2B9AEB590090928C /* Products */;
			projectDirPath = "";
			projectRoot = "";
			targets = (
				25FFDD9A2B9AEB590090928C /* LifeEvents */,
			);
		};
/* End PBXProject section */

/* Begin PBXResourcesBuildPhase section */
		25FFDD992B9AEB590090928C /* Resources */ = {
			isa = PBXResourcesBuildPhase;
			buildActionMask = 2147483647;
			files = (
				25FFDDA82B9AEB5B0090928C /* Preview Assets.xcassets in Resources */,
				25FFDDA52B9AEB5B0090928C /* Assets.xcassets in Resources */,
			);
			runOnlyForDeploymentPostprocessing = 0;
		};
/* End PBXResourcesBuildPhase section */

/* Begin PBXSourcesBuildPhase section */
		25FFDD972B9AEB590090928C /* Sources */ = {
			isa = PBXSourcesBuildPhase;
			buildActionMask = 2147483647;
			files = (
				25E642242B9B05A3008F74C1 /* Event.swift in Sources */,
				25E6422A2B9B05A3008F74C1 /* EventTask.swift in Sources */,
				25E642232B9B05A3008F74C1 /* SymbolPicker.swift in Sources */,
				25E642202B9B05A3008F74C1 /* CustomLabelStyle.swift in Sources */,
				25E642222B9B05A3008F74C1 /* EventData.swift in Sources */,
				25E642282B9B05A3008F74C1 /* EventEditor.swift in Sources */,
				25E642272B9B05A3008F74C1 /* EventSymbols.swift in Sources */,
				25E642212B9B05A3008F74C1 /* EventRow.swift in Sources */,
				807427BE2B9C72D60047ED65 /* MeaningofLife.swift in Sources */,
				25E642292B9B05A3008F74C1 /* ColorOption.swift in Sources */,
				25E642252B9B05A3008F74C1 /* TaskRow.swift in Sources */,
				25FFDDA32B9AEB590090928C /* Item.swift in Sources */,
				25E642262B9B05A3008F74C1 /* EventList.swift in Sources */,
				25FFDD9F2B9AEB590090928C /* LifeEventsApp.swift in Sources */,
			);
			runOnlyForDeploymentPostprocessing = 0;
		};
/* End PBXSourcesBuildPhase section */

/* Begin XCBuildConfiguration section */
		25FFDDAB2B9AEB5B0090928C /* Debug */ = {
			isa = XCBuildConfiguration;
			buildSettings = {
				ALWAYS_SEARCH_USER_PATHS = NO;
				ASSETCATALOG_COMPILER_GENERATE_SWIFT_ASSET_SYMBOL_EXTENSIONS = YES;
				CLANG_ANALYZER_NONNULL = YES;
				CLANG_ANALYZER_NUMBER_OBJECT_CONVERSION = YES_AGGRESSIVE;
				CLANG_CXX_LANGUAGE_STANDARD = "gnu++20";
				CLANG_ENABLE_MODULES = YES;
				CLANG_ENABLE_OBJC_ARC = YES;
				CLANG_ENABLE_OBJC_WEAK = YES;
				CLANG_WARN_BLOCK_CAPTURE_AUTORELEASING = YES;
				CLANG_WARN_BOOL_CONVERSION = YES;
				CLANG_WARN_COMMA = YES;
				CLANG_WARN_CONSTANT_CONVERSION = YES;
				CLANG_WARN_DEPRECATED_OBJC_IMPLEMENTATIONS = YES;
				CLANG_WARN_DIRECT_OBJC_ISA_USAGE = YES_ERROR;
				CLANG_WARN_DOCUMENTATION_COMMENTS = YES;
				CLANG_WARN_EMPTY_BODY = YES;
				CLANG_WARN_ENUM_CONVERSION = YES;
				CLANG_WARN_INFINITE_RECURSION = YES;
				CLANG_WARN_INT_CONVERSION = YES;
				CLANG_WARN_NON_LITERAL_NULL_CONVERSION = YES;
				CLANG_WARN_OBJC_IMPLICIT_RETAIN_SELF = YES;
				CLANG_WARN_OBJC_LITERAL_CONVERSION = YES;
				CLANG_WARN_OBJC_ROOT_CLASS = YES_ERROR;
				CLANG_WARN_QUOTED_INCLUDE_IN_FRAMEWORK_HEADER = YES;
				CLANG_WARN_RANGE_LOOP_ANALYSIS = YES;
				CLANG_WARN_STRICT_PROTOTYPES = YES;
				CLANG_WARN_SUSPICIOUS_MOVE = YES;
				CLANG_WARN_UNGUARDED_AVAILABILITY = YES_AGGRESSIVE;
				CLANG_WARN_UNREACHABLE_CODE = YES;
				CLANG_WARN__DUPLICATE_METHOD_MATCH = YES;
				COPY_PHASE_STRIP = NO;
				DEBUG_INFORMATION_FORMAT = dwarf;
				ENABLE_STRICT_OBJC_MSGSEND = YES;
				ENABLE_TESTABILITY = YES;
				ENABLE_USER_SCRIPT_SANDBOXING = YES;
				GCC_C_LANGUAGE_STANDARD = gnu17;
				GCC_DYNAMIC_NO_PIC = NO;
				GCC_NO_COMMON_BLOCKS = YES;
				GCC_OPTIMIZATION_LEVEL = 0;
				GCC_PREPROCESSOR_DEFINITIONS = (
					"DEBUG=1",
					"$(inherited)",
				);
				GCC_WARN_64_TO_32_BIT_CONVERSION = YES;
				GCC_WARN_ABOUT_RETURN_TYPE = YES_ERROR;
				GCC_WARN_UNDECLARED_SELECTOR = YES;
				GCC_WARN_UNINITIALIZED_AUTOS = YES_AGGRESSIVE;
				GCC_WARN_UNUSED_FUNCTION = YES;
				GCC_WARN_UNUSED_VARIABLE = YES;
				IPHONEOS_DEPLOYMENT_TARGET = 17.2;
				LOCALIZATION_PREFERS_STRING_CATALOGS = YES;
				MTL_ENABLE_DEBUG_INFO = INCLUDE_SOURCE;
				MTL_FAST_MATH = YES;
				ONLY_ACTIVE_ARCH = YES;
				SDKROOT = iphoneos;
				SWIFT_ACTIVE_COMPILATION_CONDITIONS = "DEBUG $(inherited)";
				SWIFT_OPTIMIZATION_LEVEL = "-Onone";
			};
			name = Debug;
		};
		25FFDDAC2B9AEB5B0090928C /* Release */ = {
			isa = XCBuildConfiguration;
			buildSettings = {
				ALWAYS_SEARCH_USER_PATHS = NO;
				ASSETCATALOG_COMPILER_GENERATE_SWIFT_ASSET_SYMBOL_EXTENSIONS = YES;
				CLANG_ANALYZER_NONNULL = YES;
				CLANG_ANALYZER_NUMBER_OBJECT_CONVERSION = YES_AGGRESSIVE;
				CLANG_CXX_LANGUAGE_STANDARD = "gnu++20";
				CLANG_ENABLE_MODULES = YES;
				CLANG_ENABLE_OBJC_ARC = YES;
				CLANG_ENABLE_OBJC_WEAK = YES;
				CLANG_WARN_BLOCK_CAPTURE_AUTORELEASING = YES;
				CLANG_WARN_BOOL_CONVERSION = YES;
				CLANG_WARN_COMMA = YES;
				CLANG_WARN_CONSTANT_CONVERSION = YES;
				CLANG_WARN_DEPRECATED_OBJC_IMPLEMENTATIONS = YES;
				CLANG_WARN_DIRECT_OBJC_ISA_USAGE = YES_ERROR;
				CLANG_WARN_DOCUMENTATION_COMMENTS = YES;
				CLANG_WARN_EMPTY_BODY = YES;
				CLANG_WARN_ENUM_CONVERSION = YES;
				CLANG_WARN_INFINITE_RECURSION = YES;
				CLANG_WARN_INT_CONVERSION = YES;
				CLANG_WARN_NON_LITERAL_NULL_CONVERSION = YES;
				CLANG_WARN_OBJC_IMPLICIT_RETAIN_SELF = YES;
				CLANG_WARN_OBJC_LITERAL_CONVERSION = YES;
				CLANG_WARN_OBJC_ROOT_CLASS = YES_ERROR;
				CLANG_WARN_QUOTED_INCLUDE_IN_FRAMEWORK_HEADER = YES;
				CLANG_WARN_RANGE_LOOP_ANALYSIS = YES;
				CLANG_WARN_STRICT_PROTOTYPES = YES;
				CLANG_WARN_SUSPICIOUS_MOVE = YES;
				CLANG_WARN_UNGUARDED_AVAILABILITY = YES_AGGRESSIVE;
				CLANG_WARN_UNREACHABLE_CODE = YES;
				CLANG_WARN__DUPLICATE_METHOD_MATCH = YES;
				COPY_PHASE_STRIP = NO;
				DEBUG_INFORMATION_FORMAT = "dwarf-with-dsym";
				ENABLE_NS_ASSERTIONS = NO;
				ENABLE_STRICT_OBJC_MSGSEND = YES;
				ENABLE_USER_SCRIPT_SANDBOXING = YES;
				GCC_C_LANGUAGE_STANDARD = gnu17;
				GCC_NO_COMMON_BLOCKS = YES;
				GCC_WARN_64_TO_32_BIT_CONVERSION = YES;
				GCC_WARN_ABOUT_RETURN_TYPE = YES_ERROR;
				GCC_WARN_UNDECLARED_SELECTOR = YES;
				GCC_WARN_UNINITIALIZED_AUTOS = YES_AGGRESSIVE;
				GCC_WARN_UNUSED_FUNCTION = YES;
				GCC_WARN_UNUSED_VARIABLE = YES;
				IPHONEOS_DEPLOYMENT_TARGET = 17.2;
				LOCALIZATION_PREFERS_STRING_CATALOGS = YES;
				MTL_ENABLE_DEBUG_INFO = NO;
				MTL_FAST_MATH = YES;
				SDKROOT = iphoneos;
				SWIFT_COMPILATION_MODE = wholemodule;
				VALIDATE_PRODUCT = YES;
			};
			name = Release;
		};
		25FFDDAE2B9AEB5B0090928C /* Debug */ = {
			isa = XCBuildConfiguration;
			buildSettings = {
				ASSETCATALOG_COMPILER_APPICON_NAME = AppIcon;
				ASSETCATALOG_COMPILER_GLOBAL_ACCENT_COLOR_NAME = AccentColor;
				CODE_SIGN_ENTITLEMENTS = LifeEvents/LifeEvents.entitlements;
				CODE_SIGN_STYLE = Automatic;
				CURRENT_PROJECT_VERSION = 1;
				DEVELOPMENT_ASSET_PATHS = "\"LifeEvents/Preview Content\"";
				DEVELOPMENT_TEAM = V95KM6E24P;
				ENABLE_PREVIEWS = YES;
				GENERATE_INFOPLIST_FILE = YES;
				INFOPLIST_FILE = LifeEvents/Info.plist;
				INFOPLIST_KEY_CFBundleDisplayName = "人生大事";
				INFOPLIST_KEY_LSApplicationCategoryType = "public.app-category.productivity";
				INFOPLIST_KEY_UIApplicationSceneManifest_Generation = YES;
				INFOPLIST_KEY_UIApplicationSupportsIndirectInputEvents = YES;
				INFOPLIST_KEY_UILaunchScreen_Generation = YES;
				INFOPLIST_KEY_UISupportedInterfaceOrientations_iPad = "UIInterfaceOrientationPortrait UIInterfaceOrientationPortraitUpsideDown UIInterfaceOrientationLandscapeLeft UIInterfaceOrientationLandscapeRight";
				INFOPLIST_KEY_UISupportedInterfaceOrientations_iPhone = "UIInterfaceOrientationPortrait UIInterfaceOrientationLandscapeLeft UIInterfaceOrientationLandscapeRight";
				IPHONEOS_DEPLOYMENT_TARGET = 17.0;
				LD_RUNPATH_SEARCH_PATHS = (
					"$(inherited)",
					"@executable_path/Frameworks",
				);
				MARKETING_VERSION = 1.0;
				PRODUCT_BUNDLE_IDENTIFIER = top.tlien.LifeEvents;
				PRODUCT_NAME = "$(TARGET_NAME)";
				SWIFT_EMIT_LOC_STRINGS = YES;
				SWIFT_VERSION = 5.0;
				TARGETED_DEVICE_FAMILY = "1,2";
			};
			name = Debug;
		};
		25FFDDAF2B9AEB5B0090928C /* Release */ = {
			isa = XCBuildConfiguration;
			buildSettings = {
				ASSETCATALOG_COMPILER_APPICON_NAME = AppIcon;
				ASSETCATALOG_COMPILER_GLOBAL_ACCENT_COLOR_NAME = AccentColor;
				CODE_SIGN_ENTITLEMENTS = LifeEvents/LifeEvents.entitlements;
				CODE_SIGN_STYLE = Automatic;
				CURRENT_PROJECT_VERSION = 1;
				DEVELOPMENT_ASSET_PATHS = "\"LifeEvents/Preview Content\"";
				DEVELOPMENT_TEAM = V95KM6E24P;
				ENABLE_PREVIEWS = YES;
				GENERATE_INFOPLIST_FILE = YES;
				INFOPLIST_FILE = LifeEvents/Info.plist;
				INFOPLIST_KEY_CFBundleDisplayName = "人生大事";
				INFOPLIST_KEY_LSApplicationCategoryType = "public.app-category.productivity";
				INFOPLIST_KEY_UIApplicationSceneManifest_Generation = YES;
				INFOPLIST_KEY_UIApplicationSupportsIndirectInputEvents = YES;
				INFOPLIST_KEY_UILaunchScreen_Generation = YES;
				INFOPLIST_KEY_UISupportedInterfaceOrientations_iPad = "UIInterfaceOrientationPortrait UIInterfaceOrientationPortraitUpsideDown UIInterfaceOrientationLandscapeLeft UIInterfaceOrientationLandscapeRight";
				INFOPLIST_KEY_UISupportedInterfaceOrientations_iPhone = "UIInterfaceOrientationPortrait UIInterfaceOrientationLandscapeLeft UIInterfaceOrientationLandscapeRight";
				IPHONEOS_DEPLOYMENT_TARGET = 17.0;
				LD_RUNPATH_SEARCH_PATHS = (
					"$(inherited)",
					"@executable_path/Frameworks",
				);
				MARKETING_VERSION = 1.0;
				PRODUCT_BUNDLE_IDENTIFIER = top.tlien.LifeEvents;
				PRODUCT_NAME = "$(TARGET_NAME)";
				SWIFT_EMIT_LOC_STRINGS = YES;
				SWIFT_VERSION = 5.0;
				TARGETED_DEVICE_FAMILY = "1,2";
			};
			name = Release;
		};
/* End XCBuildConfiguration section */

/* Begin XCConfigurationList section */
		25FFDD962B9AEB590090928C /* Build configuration list for PBXProject "LifeEvents" */ = {
			isa = XCConfigurationList;
			buildConfigurations = (
				25FFDDAB2B9AEB5B0090928C /* Debug */,
				25FFDDAC2B9AEB5B0090928C /* Release */,
			);
			defaultConfigurationIsVisible = 0;
			defaultConfigurationName = Release;
		};
		25FFDDAD2B9AEB5B0090928C /* Build configuration list for PBXNativeTarget "LifeEvents" */ = {
			isa = XCConfigurationList;
			buildConfigurations = (
				25FFDDAE2B9AEB5B0090928C /* Debug */,
				25FFDDAF2B9AEB5B0090928C /* Release */,
			);
			defaultConfigurationIsVisible = 0;
			defaultConfigurationName = Release;
		};
/* End XCConfigurationList section */
	};
	rootObject = 25FFDD932B9AEB590090928C /* Project object */;
}
